lockVersion: 2.0.0
id: 3354323f-4a27-41c9-8f3f-94bbfb4d90b0
management:
  docChecksum: 6acfcd4e09ce25ee38b50cf13d7b10c6
  docVersion: 0.0.1
  speakeasyVersion: 1.581.0
  generationVersion: 2.656.5
  releaseVersion: 0.0.2
  configChecksum: 85dadf559e4a5793b9d3de11f3dcd9cc
  repoURL: https://github.com/ryan-blunden/terraform-provider-dub-v1.git
features:
  terraform:
    additionalDependencies: 0.1.0
    constsAndDefaults: 0.2.1
    core: 3.41.15
    deprecations: 2.82.0
    globalSecurity: 2.81.12
    globalServerURLs: 2.82.2
    nameOverrides: 2.81.3
    nullables: 0.0.0
    unions: 2.81.17
generatedFiles:
  - .gitattributes
  - USAGE.md
  - examples/README.md
  - examples/data-sources/dub_link/data-source.tf
  - examples/data-sources/dub_tag/data-source.tf
  - examples/provider/provider.tf
  - examples/resources/dub_link/import.sh
  - examples/resources/dub_link/resource.tf
  - examples/resources/dub_tag/resource.tf
  - go.mod
  - go.sum
  - internal/planmodifiers/boolplanmodifier/suppress_diff.go
  - internal/planmodifiers/float32planmodifier/suppress_diff.go
  - internal/planmodifiers/float64planmodifier/suppress_diff.go
  - internal/planmodifiers/int32planmodifier/suppress_diff.go
  - internal/planmodifiers/int64planmodifier/suppress_diff.go
  - internal/planmodifiers/listplanmodifier/suppress_diff.go
  - internal/planmodifiers/mapplanmodifier/suppress_diff.go
  - internal/planmodifiers/numberplanmodifier/suppress_diff.go
  - internal/planmodifiers/objectplanmodifier/suppress_diff.go
  - internal/planmodifiers/setplanmodifier/suppress_diff.go
  - internal/planmodifiers/stringplanmodifier/suppress_diff.go
  - internal/planmodifiers/utils/state_check.go
  - internal/provider/link_data_source.go
  - internal/provider/link_data_source_sdk.go
  - internal/provider/link_resource.go
  - internal/provider/link_resource_sdk.go
  - internal/provider/provider.go
  - internal/provider/reflect/diags.go
  - internal/provider/reflect/doc.go
  - internal/provider/reflect/generic_attr_value.go
  - internal/provider/reflect/helpers.go
  - internal/provider/reflect/interfaces.go
  - internal/provider/reflect/into.go
  - internal/provider/reflect/map.go
  - internal/provider/reflect/number.go
  - internal/provider/reflect/options.go
  - internal/provider/reflect/outof.go
  - internal/provider/reflect/pointer.go
  - internal/provider/reflect/primitive.go
  - internal/provider/reflect/slice.go
  - internal/provider/reflect/struct.go
  - internal/provider/tag_data_source.go
  - internal/provider/tag_data_source_sdk.go
  - internal/provider/tag_resource.go
  - internal/provider/tag_resource_sdk.go
  - internal/provider/typeconvert/date.go
  - internal/provider/typeconvert/datetime.go
  - internal/provider/typeconvert/int.go
  - internal/provider/types/create_link_tag_ids.go
  - internal/provider/types/create_link_tag_names.go
  - internal/provider/types/geo.go
  - internal/provider/types/link_geo_targeting.go
  - internal/provider/types/tag_schema.go
  - internal/provider/types/test_variant.go
  - internal/provider/utils.go
  - internal/sdk/.gitattributes
  - internal/sdk/dub.go
  - internal/sdk/internal/config/sdkconfiguration.go
  - internal/sdk/internal/hooks/hooks.go
  - internal/sdk/internal/utils/contenttype.go
  - internal/sdk/internal/utils/env.go
  - internal/sdk/internal/utils/form.go
  - internal/sdk/internal/utils/headers.go
  - internal/sdk/internal/utils/json.go
  - internal/sdk/internal/utils/pathparams.go
  - internal/sdk/internal/utils/queryparams.go
  - internal/sdk/internal/utils/requestbody.go
  - internal/sdk/internal/utils/retries.go
  - internal/sdk/internal/utils/security.go
  - internal/sdk/internal/utils/utils.go
  - internal/sdk/links.go
  - internal/sdk/models/errors/apierror.go
  - internal/sdk/models/operations/createlink.go
  - internal/sdk/models/operations/createtag.go
  - internal/sdk/models/operations/deletelink.go
  - internal/sdk/models/operations/deletetag.go
  - internal/sdk/models/operations/getlinkinfo.go
  - internal/sdk/models/operations/gettags.go
  - internal/sdk/models/operations/options.go
  - internal/sdk/models/operations/updatelink.go
  - internal/sdk/models/operations/updatetag.go
  - internal/sdk/models/shared/fivehundred.go
  - internal/sdk/models/shared/fourhundred.go
  - internal/sdk/models/shared/fourhundredandfour.go
  - internal/sdk/models/shared/fourhundredandnine.go
  - internal/sdk/models/shared/fourhundredandone.go
  - internal/sdk/models/shared/fourhundredandten.go
  - internal/sdk/models/shared/fourhundredandthree.go
  - internal/sdk/models/shared/fourhundredandtwentynine.go
  - internal/sdk/models/shared/fourhundredandtwentytwo.go
  - internal/sdk/models/shared/linkgeotargeting.go
  - internal/sdk/models/shared/linkschema.go
  - internal/sdk/models/shared/security.go
  - internal/sdk/models/shared/tagschema.go
  - internal/sdk/retry/config.go
  - internal/sdk/tags.go
  - internal/sdk/types/bigint.go
  - internal/sdk/types/date.go
  - internal/sdk/types/datetime.go
  - internal/sdk/types/decimal.go
  - internal/sdk/types/pointers.go
  - internal/validators/DateValidator.go
  - internal/validators/ExactlyOneChild.go
  - internal/validators/JSONParseValidator.go
  - internal/validators/RFC3339Validator.go
  - internal/validators/boolvalidators/not_null.go
  - internal/validators/float32validators/not_null.go
  - internal/validators/float64validators/not_null.go
  - internal/validators/int32validators/not_null.go
  - internal/validators/int64validators/not_null.go
  - internal/validators/listvalidators/not_null.go
  - internal/validators/mapvalidators/not_null.go
  - internal/validators/numbervalidators/not_null.go
  - internal/validators/objectvalidators/not_null.go
  - internal/validators/setvalidators/not_null.go
  - internal/validators/stringvalidators/not_null.go
  - main.go
  - terraform-registry-manifest.json
  - tools/tools.go
examples:
  createLink:
    speakeasy-default-create-link:
      requestBody:
        application/json: {"url": "https://google.com", "externalId": "123456", "tagIds": ["clux0rgak00011..."], "testVariants": [{"url": "https://example.com/variant-1", "percentage": 50}, {"url": "https://example.com/variant-2", "percentage": 50}]}
      responses:
        "200":
          application/json: {"id": "<id>", "domain": "graceful-moment.info", "key": "<key>", "url": "https://polite-daddy.name/", "trackConversion": false, "externalId": "<id>", "tenantId": "<id>", "programId": "<id>", "partnerId": "<id>", "archived": false, "expiresAt": null, "expiredUrl": "https://infamous-graffiti.info", "password": null, "proxy": false, "title": "<value>", "description": "climb scarily aboard save sleepily hmph", "image": "https://picsum.photos/seed/0EHTzI/387/1590", "video": "https://loremflickr.com/1917/2352?lock=6438769255962246", "rewrite": false, "doIndex": false, "ios": "<value>", "android": null, "geo": null, "publicStats": false, "tagId": "<id>", "tags": [], "folderId": "<id>", "webhookIds": ["<value 1>", "<value 2>", "<value 3>"], "comments": "drat brr positively serenade delightfully", "shortLink": "https://esteemed-switch.org", "qrCode": "https://bleak-dandelion.name/", "utm_source": "<value>", "utm_medium": "<value>", "utm_campaign": "<value>", "utm_term": "<value>", "utm_content": "<value>", "testVariants": [{"url": "https://example.com/variant-1", "percentage": 50}, {"url": "https://example.com/variant-2", "percentage": 50}], "userId": "<id>", "workspaceId": "<id>", "clicks": 0, "lastClicked": "<value>", "leads": 0, "sales": 0, "saleAmount": 0, "createdAt": "1725070055935", "updatedAt": "1735605869696", "projectId": "<id>"}
        "400":
          application/json: {"error": {"code": "bad_request", "message": "The requested resource was not found.", "doc_url": "https://dub.co/docs/api-reference/errors#bad-request"}}
        "401":
          application/json: {"error": {"code": "unauthorized", "message": "The requested resource was not found.", "doc_url": "https://dub.co/docs/api-reference/errors#unauthorized"}}
        "403":
          application/json: {"error": {"code": "forbidden", "message": "The requested resource was not found.", "doc_url": "https://dub.co/docs/api-reference/errors#forbidden"}}
        "404":
          application/json: {"error": {"code": "not_found", "message": "The requested resource was not found.", "doc_url": "https://dub.co/docs/api-reference/errors#not-found"}}
        "409":
          application/json: {"error": {"code": "conflict", "message": "The requested resource was not found.", "doc_url": "https://dub.co/docs/api-reference/errors#conflict"}}
        "410":
          application/json: {"error": {"code": "invite_expired", "message": "The requested resource was not found.", "doc_url": "https://dub.co/docs/api-reference/errors#invite-expired"}}
        "422":
          application/json: {"error": {"code": "unprocessable_entity", "message": "The requested resource was not found.", "doc_url": "https://dub.co/docs/api-reference/errors#unprocessable-entity"}}
        "429":
          application/json: {"error": {"code": "rate_limit_exceeded", "message": "The requested resource was not found.", "doc_url": "https://dub.co/docs/api-reference/errors#rate-limit_exceeded"}}
        "500":
          application/json: {"error": {"code": "internal_server_error", "message": "The requested resource was not found.", "doc_url": "https://dub.co/docs/api-reference/errors#internal-server_error"}}
  getLinkInfo:
    speakeasy-default-get-link-info:
      parameters:
        query:
          linkId: "clux0rgak00011..."
          externalId: "123456"
      responses:
        "200":
          application/json: {"id": "<id>", "domain": "crazy-intent.net", "key": "<key>", "url": "https://official-gripper.com/", "trackConversion": false, "externalId": "<id>", "tenantId": "<id>", "programId": "<id>", "partnerId": "<id>", "archived": false, "expiresAt": "1759373851328", "expiredUrl": "https://grim-window.org/", "password": null, "proxy": false, "title": "<value>", "description": "ack because tenderly huddle gastropod granular gadzooks zowie rundown between", "image": "https://picsum.photos/seed/zUVPOKjtID/3493/3757", "video": "https://picsum.videos/seed/BZOGN/1761/509", "rewrite": false, "doIndex": false, "ios": "<value>", "android": "<id>", "geo": {}, "publicStats": false, "tagId": "<id>", "tags": [], "folderId": "<id>", "webhookIds": ["<value 1>", "<value 2>"], "comments": "as defiantly thrifty for though deliquesce yowza healthily productive tremendously kiss decriminalize whoa wherever before likewise excitable beside", "shortLink": "https://stylish-reservation.com", "qrCode": "https://musty-viability.info", "utm_source": "<value>", "utm_medium": "<value>", "utm_campaign": "<value>", "utm_term": null, "utm_content": "<value>", "testVariants": [{"url": "https://example.com/variant-1", "percentage": 50}, {"url": "https://example.com/variant-2", "percentage": 50}], "userId": null, "workspaceId": "<id>", "clicks": 0, "lastClicked": "<value>", "leads": 0, "sales": 0, "saleAmount": 0, "createdAt": "1724819390483", "updatedAt": "1735628360703", "projectId": "<id>"}
        "400":
          application/json: {"error": {"code": "bad_request", "message": "The requested resource was not found.", "doc_url": "https://dub.co/docs/api-reference/errors#bad-request"}}
        "401":
          application/json: {"error": {"code": "unauthorized", "message": "The requested resource was not found.", "doc_url": "https://dub.co/docs/api-reference/errors#unauthorized"}}
        "403":
          application/json: {"error": {"code": "forbidden", "message": "The requested resource was not found.", "doc_url": "https://dub.co/docs/api-reference/errors#forbidden"}}
        "404":
          application/json: {"error": {"code": "not_found", "message": "The requested resource was not found.", "doc_url": "https://dub.co/docs/api-reference/errors#not-found"}}
        "409":
          application/json: {"error": {"code": "conflict", "message": "The requested resource was not found.", "doc_url": "https://dub.co/docs/api-reference/errors#conflict"}}
        "410":
          application/json: {"error": {"code": "invite_expired", "message": "The requested resource was not found.", "doc_url": "https://dub.co/docs/api-reference/errors#invite-expired"}}
        "422":
          application/json: {"error": {"code": "unprocessable_entity", "message": "The requested resource was not found.", "doc_url": "https://dub.co/docs/api-reference/errors#unprocessable-entity"}}
        "429":
          application/json: {"error": {"code": "rate_limit_exceeded", "message": "The requested resource was not found.", "doc_url": "https://dub.co/docs/api-reference/errors#rate-limit_exceeded"}}
        "500":
          application/json: {"error": {"code": "internal_server_error", "message": "The requested resource was not found.", "doc_url": "https://dub.co/docs/api-reference/errors#internal-server_error"}}
  updateLink:
    speakeasy-default-update-link:
      parameters:
        path:
          linkId: "<id>"
      requestBody:
        application/json: {"url": "https://google.com", "externalId": "123456", "tagIds": ["clux0rgak00011..."], "testVariants": [{"url": "https://example.com/variant-1", "percentage": 50}, {"url": "https://example.com/variant-2", "percentage": 50}]}
      responses:
        "200":
          application/json: {"id": "<id>", "domain": "concerned-grandson.info", "key": "<key>", "url": "https://bustling-duffel.net/", "trackConversion": false, "externalId": "<id>", "tenantId": "<id>", "programId": "<id>", "partnerId": "<id>", "archived": false, "expiresAt": "1746314140630", "expiredUrl": "https://long-term-understanding.biz/", "password": "BpDVy7nn2ivh8nA", "proxy": false, "title": "<value>", "description": "pish majority bog from substantiate", "image": "https://picsum.photos/seed/W4vaqLs/1360/3162", "video": "https://picsum.videos/seed/KH1Cg5HT/3093/1339", "rewrite": false, "doIndex": false, "ios": "<value>", "android": null, "geo": {}, "publicStats": false, "tagId": "<id>", "tags": [{"id": "<id>", "name": "<value>", "color": "green"}], "folderId": "<id>", "webhookIds": ["<value 1>"], "comments": "beyond after fumigate meanwhile quintuple unlike over despite evenly pace lest aw", "shortLink": "https://immaculate-cauliflower.info/", "qrCode": "https://spherical-convection.name", "utm_source": "<value>", "utm_medium": "<value>", "utm_campaign": "<value>", "utm_term": "<value>", "utm_content": "<value>", "testVariants": [{"url": "https://example.com/variant-1", "percentage": 50}, {"url": "https://example.com/variant-2", "percentage": 50}], "userId": "<id>", "workspaceId": "<id>", "clicks": 0, "lastClicked": "<value>", "leads": 0, "sales": 0, "saleAmount": 0, "createdAt": "1726251206480", "updatedAt": "1735663933128", "projectId": "<id>"}
        "400":
          application/json: {"error": {"code": "bad_request", "message": "The requested resource was not found.", "doc_url": "https://dub.co/docs/api-reference/errors#bad-request"}}
        "401":
          application/json: {"error": {"code": "unauthorized", "message": "The requested resource was not found.", "doc_url": "https://dub.co/docs/api-reference/errors#unauthorized"}}
        "403":
          application/json: {"error": {"code": "forbidden", "message": "The requested resource was not found.", "doc_url": "https://dub.co/docs/api-reference/errors#forbidden"}}
        "404":
          application/json: {"error": {"code": "not_found", "message": "The requested resource was not found.", "doc_url": "https://dub.co/docs/api-reference/errors#not-found"}}
        "409":
          application/json: {"error": {"code": "conflict", "message": "The requested resource was not found.", "doc_url": "https://dub.co/docs/api-reference/errors#conflict"}}
        "410":
          application/json: {"error": {"code": "invite_expired", "message": "The requested resource was not found.", "doc_url": "https://dub.co/docs/api-reference/errors#invite-expired"}}
        "422":
          application/json: {"error": {"code": "unprocessable_entity", "message": "The requested resource was not found.", "doc_url": "https://dub.co/docs/api-reference/errors#unprocessable-entity"}}
        "429":
          application/json: {"error": {"code": "rate_limit_exceeded", "message": "The requested resource was not found.", "doc_url": "https://dub.co/docs/api-reference/errors#rate-limit_exceeded"}}
        "500":
          application/json: {"error": {"code": "internal_server_error", "message": "The requested resource was not found.", "doc_url": "https://dub.co/docs/api-reference/errors#internal-server_error"}}
  deleteLink:
    speakeasy-default-delete-link:
      parameters:
        path:
          linkId: "<id>"
      responses:
        "200":
          application/json: {"id": "<id>"}
        "400":
          application/json: {"error": {"code": "bad_request", "message": "The requested resource was not found.", "doc_url": "https://dub.co/docs/api-reference/errors#bad-request"}}
        "401":
          application/json: {"error": {"code": "unauthorized", "message": "The requested resource was not found.", "doc_url": "https://dub.co/docs/api-reference/errors#unauthorized"}}
        "403":
          application/json: {"error": {"code": "forbidden", "message": "The requested resource was not found.", "doc_url": "https://dub.co/docs/api-reference/errors#forbidden"}}
        "404":
          application/json: {"error": {"code": "not_found", "message": "The requested resource was not found.", "doc_url": "https://dub.co/docs/api-reference/errors#not-found"}}
        "409":
          application/json: {"error": {"code": "conflict", "message": "The requested resource was not found.", "doc_url": "https://dub.co/docs/api-reference/errors#conflict"}}
        "410":
          application/json: {"error": {"code": "invite_expired", "message": "The requested resource was not found.", "doc_url": "https://dub.co/docs/api-reference/errors#invite-expired"}}
        "422":
          application/json: {"error": {"code": "unprocessable_entity", "message": "The requested resource was not found.", "doc_url": "https://dub.co/docs/api-reference/errors#unprocessable-entity"}}
        "429":
          application/json: {"error": {"code": "rate_limit_exceeded", "message": "The requested resource was not found.", "doc_url": "https://dub.co/docs/api-reference/errors#rate-limit_exceeded"}}
        "500":
          application/json: {"error": {"code": "internal_server_error", "message": "The requested resource was not found.", "doc_url": "https://dub.co/docs/api-reference/errors#internal-server_error"}}
  createTag:
    speakeasy-default-create-tag:
      responses:
        "201":
          application/json: {"id": "<id>", "name": "<value>", "color": "blue"}
        "400":
          application/json: {"error": {"code": "bad_request", "message": "The requested resource was not found.", "doc_url": "https://dub.co/docs/api-reference/errors#bad-request"}}
        "401":
          application/json: {"error": {"code": "unauthorized", "message": "The requested resource was not found.", "doc_url": "https://dub.co/docs/api-reference/errors#unauthorized"}}
        "403":
          application/json: {"error": {"code": "forbidden", "message": "The requested resource was not found.", "doc_url": "https://dub.co/docs/api-reference/errors#forbidden"}}
        "404":
          application/json: {"error": {"code": "not_found", "message": "The requested resource was not found.", "doc_url": "https://dub.co/docs/api-reference/errors#not-found"}}
        "409":
          application/json: {"error": {"code": "conflict", "message": "The requested resource was not found.", "doc_url": "https://dub.co/docs/api-reference/errors#conflict"}}
        "410":
          application/json: {"error": {"code": "invite_expired", "message": "The requested resource was not found.", "doc_url": "https://dub.co/docs/api-reference/errors#invite-expired"}}
        "422":
          application/json: {"error": {"code": "unprocessable_entity", "message": "The requested resource was not found.", "doc_url": "https://dub.co/docs/api-reference/errors#unprocessable-entity"}}
        "429":
          application/json: {"error": {"code": "rate_limit_exceeded", "message": "The requested resource was not found.", "doc_url": "https://dub.co/docs/api-reference/errors#rate-limit_exceeded"}}
        "500":
          application/json: {"error": {"code": "internal_server_error", "message": "The requested resource was not found.", "doc_url": "https://dub.co/docs/api-reference/errors#internal-server_error"}}
  getTags:
    speakeasy-default-get-tags:
      parameters:
        query:
          sortBy: "name"
          sortOrder: "asc"
          page: 1
          pageSize: 50
      responses:
        "200":
          application/json: [{"id": "<id>", "name": "<value>", "color": "brown"}]
        "400":
          application/json: {"error": {"code": "bad_request", "message": "The requested resource was not found.", "doc_url": "https://dub.co/docs/api-reference/errors#bad-request"}}
        "401":
          application/json: {"error": {"code": "unauthorized", "message": "The requested resource was not found.", "doc_url": "https://dub.co/docs/api-reference/errors#unauthorized"}}
        "403":
          application/json: {"error": {"code": "forbidden", "message": "The requested resource was not found.", "doc_url": "https://dub.co/docs/api-reference/errors#forbidden"}}
        "404":
          application/json: {"error": {"code": "not_found", "message": "The requested resource was not found.", "doc_url": "https://dub.co/docs/api-reference/errors#not-found"}}
        "409":
          application/json: {"error": {"code": "conflict", "message": "The requested resource was not found.", "doc_url": "https://dub.co/docs/api-reference/errors#conflict"}}
        "410":
          application/json: {"error": {"code": "invite_expired", "message": "The requested resource was not found.", "doc_url": "https://dub.co/docs/api-reference/errors#invite-expired"}}
        "422":
          application/json: {"error": {"code": "unprocessable_entity", "message": "The requested resource was not found.", "doc_url": "https://dub.co/docs/api-reference/errors#unprocessable-entity"}}
        "429":
          application/json: {"error": {"code": "rate_limit_exceeded", "message": "The requested resource was not found.", "doc_url": "https://dub.co/docs/api-reference/errors#rate-limit_exceeded"}}
        "500":
          application/json: {"error": {"code": "internal_server_error", "message": "The requested resource was not found.", "doc_url": "https://dub.co/docs/api-reference/errors#internal-server_error"}}
  updateTag:
    speakeasy-default-update-tag:
      parameters:
        path:
          id: "<id>"
      responses:
        "200":
          application/json: {"id": "<id>", "name": "<value>", "color": "purple"}
        "400":
          application/json: {"error": {"code": "bad_request", "message": "The requested resource was not found.", "doc_url": "https://dub.co/docs/api-reference/errors#bad-request"}}
        "401":
          application/json: {"error": {"code": "unauthorized", "message": "The requested resource was not found.", "doc_url": "https://dub.co/docs/api-reference/errors#unauthorized"}}
        "403":
          application/json: {"error": {"code": "forbidden", "message": "The requested resource was not found.", "doc_url": "https://dub.co/docs/api-reference/errors#forbidden"}}
        "404":
          application/json: {"error": {"code": "not_found", "message": "The requested resource was not found.", "doc_url": "https://dub.co/docs/api-reference/errors#not-found"}}
        "409":
          application/json: {"error": {"code": "conflict", "message": "The requested resource was not found.", "doc_url": "https://dub.co/docs/api-reference/errors#conflict"}}
        "410":
          application/json: {"error": {"code": "invite_expired", "message": "The requested resource was not found.", "doc_url": "https://dub.co/docs/api-reference/errors#invite-expired"}}
        "422":
          application/json: {"error": {"code": "unprocessable_entity", "message": "The requested resource was not found.", "doc_url": "https://dub.co/docs/api-reference/errors#unprocessable-entity"}}
        "429":
          application/json: {"error": {"code": "rate_limit_exceeded", "message": "The requested resource was not found.", "doc_url": "https://dub.co/docs/api-reference/errors#rate-limit_exceeded"}}
        "500":
          application/json: {"error": {"code": "internal_server_error", "message": "The requested resource was not found.", "doc_url": "https://dub.co/docs/api-reference/errors#internal-server_error"}}
  deleteTag:
    speakeasy-default-delete-tag:
      parameters:
        path:
          id: "<id>"
      responses:
        "200":
          application/json: {"id": "<id>"}
        "400":
          application/json: {"error": {"code": "bad_request", "message": "The requested resource was not found.", "doc_url": "https://dub.co/docs/api-reference/errors#bad-request"}}
        "401":
          application/json: {"error": {"code": "unauthorized", "message": "The requested resource was not found.", "doc_url": "https://dub.co/docs/api-reference/errors#unauthorized"}}
        "403":
          application/json: {"error": {"code": "forbidden", "message": "The requested resource was not found.", "doc_url": "https://dub.co/docs/api-reference/errors#forbidden"}}
        "404":
          application/json: {"error": {"code": "not_found", "message": "The requested resource was not found.", "doc_url": "https://dub.co/docs/api-reference/errors#not-found"}}
        "409":
          application/json: {"error": {"code": "conflict", "message": "The requested resource was not found.", "doc_url": "https://dub.co/docs/api-reference/errors#conflict"}}
        "410":
          application/json: {"error": {"code": "invite_expired", "message": "The requested resource was not found.", "doc_url": "https://dub.co/docs/api-reference/errors#invite-expired"}}
        "422":
          application/json: {"error": {"code": "unprocessable_entity", "message": "The requested resource was not found.", "doc_url": "https://dub.co/docs/api-reference/errors#unprocessable-entity"}}
        "429":
          application/json: {"error": {"code": "rate_limit_exceeded", "message": "The requested resource was not found.", "doc_url": "https://dub.co/docs/api-reference/errors#rate-limit_exceeded"}}
        "500":
          application/json: {"error": {"code": "internal_server_error", "message": "The requested resource was not found.", "doc_url": "https://dub.co/docs/api-reference/errors#internal-server_error"}}
examplesVersion: 1.0.2
