speakeasyVersion: 1.581.0
sources:
    Dub API:
        sourceNamespace: dub-api
        sourceRevisionDigest: sha256:0697cc53c86e4599acf7265f0519df7b41c80118ecd1ef0ba377c02a108aebbc
        sourceBlobDigest: sha256:b55545e6d2fe5afba46aba1dd1ea6e661766439dc192fff35b515338ea68b8c9
        tags:
            - latest
            - speakeasy-sdk-regen-1752388265
            - 0.0.1
targets:
    dub:
        source: Dub API
        sourceNamespace: dub-api
        sourceRevisionDigest: sha256:0697cc53c86e4599acf7265f0519df7b41c80118ecd1ef0ba377c02a108aebbc
        sourceBlobDigest: sha256:b55545e6d2fe5afba46aba1dd1ea6e661766439dc192fff35b515338ea68b8c9
workflow:
    workflowVersion: 1.0.0
    speakeasyVersion: latest
    sources:
        Dub API:
            inputs:
                - location: openapi.yaml
            overlays:
                - location: .speakeasy/terraform-overlay.yaml
            output: .speakeasy/out.openapi.yaml
            registry:
                location: registry.speakeasyapi.dev/ryan-blunden-74v/terraform/dub-api
    targets:
        dub:
            target: terraform
            source: Dub API
            publish:
                terraform:
                    gpgPrivateKey: $terraform_gpg_private_key
                    gpgPassPhrase: $terraform_gpg_passphrase
